
Microsoft Visual Studio Solution File, Format Version 12.00
# Visual Studio Version 17
VisualStudioVersion = 17.5.33516.290
MinimumVisualStudioVersion = 10.0.40219.1
Project("{FAE04EC0-301F-11D3-BF4B-00C04F79EFBC}") = "SistemaDeTarefas", "SistemaDeTarefas\SistemaDeTarefas.csproj", "{A3651D99-62A9-4C1B-A0E4-2249C3E3C846}"
EndProject
Global
	GlobalSection(SolutionConfigurationPlatforms) = preSolution
		Debug|Any CPU = Debug|Any CPU
		Release|Any CPU = Release|Any CPU
	EndGlobalSection
	GlobalSection(ProjectConfigurationPlatforms) = postSolution
		{A3651D99-62A9-4C1B-A0E4-2249C3E3C846}.Debug|Any CPU.ActiveCfg = Debug|Any CPU
		{A3651D99-62A9-4C1B-A0E4-2249C3E3C846}.Debug|Any CPU.Build.0 = Debug|Any CPU
		{A3651D99-62A9-4C1B-A0E4-2249C3E3C846}.Release|Any CPU.ActiveCfg = Release|Any CPU
		{A3651D99-62A9-4C1B-A0E4-2249C3E3C846}.Release|Any CPU.Build.0 = Release|Any CPU
	EndGlobalSection
	GlobalSection(SolutionProperties) = preSolution
		HideSolutionNode = FALSE
	EndGlobalSection
	GlobalSection(ExtensibilityGlobals) = postSolution
		SolutionGuid = {0951400C-6C49-4BC8-BEE9-E01320DC23E6}
	EndGlobalSection
EndGlobal
